
Microsoft Visual Studio Solution File, Format Version 12.00
# Visual Studio Version 17
VisualStudioVersion = 17.8.34309.116
MinimumVisualStudioVersion = 10.0.40219.1
Project("{FAE04EC0-301F-11D3-BF4B-00C04F79EFBC}") = "Patron MVVM", "Patron MVVM\Patron MVVM.csproj", "{E2B90626-ECCD-4ADD-9C09-53C35E4FBD8B}"
EndProject
Global
	GlobalSection(SolutionConfigurationPlatforms) = preSolution
		Debug|Any CPU = Debug|Any CPU
		Release|Any CPU = Release|Any CPU
	EndGlobalSection
	GlobalSection(ProjectConfigurationPlatforms) = postSolution
		{E2B90626-ECCD-4ADD-9C09-53C35E4FBD8B}.Debug|Any CPU.ActiveCfg = Debug|Any CPU
		{E2B90626-ECCD-4ADD-9C09-53C35E4FBD8B}.Debug|Any CPU.Build.0 = Debug|Any CPU
		{E2B90626-ECCD-4ADD-9C09-53C35E4FBD8B}.Debug|Any CPU.Deploy.0 = Debug|Any CPU
		{E2B90626-ECCD-4ADD-9C09-53C35E4FBD8B}.Release|Any CPU.ActiveCfg = Release|Any CPU
		{E2B90626-ECCD-4ADD-9C09-53C35E4FBD8B}.Release|Any CPU.Build.0 = Release|Any CPU
		{E2B90626-ECCD-4ADD-9C09-53C35E4FBD8B}.Release|Any CPU.Deploy.0 = Release|Any CPU
	EndGlobalSection
	GlobalSection(SolutionProperties) = preSolution
		HideSolutionNode = FALSE
	EndGlobalSection
	GlobalSection(ExtensibilityGlobals) = postSolution
		SolutionGuid = {6E60B384-71CB-4B70-8D8F-24F61303072C}
	EndGlobalSection
EndGlobal
